
Microsoft Visual Studio Solution File, Format Version 12.00
# Visual Studio Version 16
VisualStudioVersion = 16.0.31205.134
MinimumVisualStudioVersion = 10.0.40219.1
Project("{FAE04EC0-301F-11D3-BF4B-00C04F79EFBC}") = "Academia", "Academia\Academia.csproj", "{6C009342-616F-4DC9-8913-315FC3FCF80B}"
EndProject
Global
	GlobalSection(SolutionConfigurationPlatforms) = preSolution
		Debug|Any CPU = Debug|Any CPU
		Release|Any CPU = Release|Any CPU
	EndGlobalSection
	GlobalSection(ProjectConfigurationPlatforms) = postSolution
		{6C009342-616F-4DC9-8913-315FC3FCF80B}.Debug|Any CPU.ActiveCfg = Debug|Any CPU
		{6C009342-616F-4DC9-8913-315FC3FCF80B}.Debug|Any CPU.Build.0 = Debug|Any CPU
		{6C009342-616F-4DC9-8913-315FC3FCF80B}.Release|Any CPU.ActiveCfg = Release|Any CPU
		{6C009342-616F-4DC9-8913-315FC3FCF80B}.Release|Any CPU.Build.0 = Release|Any CPU
	EndGlobalSection
	GlobalSection(SolutionProperties) = preSolution
		HideSolutionNode = FALSE
	EndGlobalSection
	GlobalSection(ExtensibilityGlobals) = postSolution
		SolutionGuid = {58946ADD-D745-4DEF-BC8F-79F9429F3049}
	EndGlobalSection
EndGlobal
